// !$*UTF8*$!
{
	archiveVersion = 1;
	classes = {
	};
	objectVersion = 77;
	objects = {

/* Begin PBXContainerItemProxy section */
		CAC6AE062D1F3FBD00431417 /* PBXContainerItemProxy */ = {
			isa = PBXContainerItemProxy;
			containerPortal = CAC6ADED2D1F3FBA00431417 /* Project object */;
			proxyType = 1;
			remoteGlobalIDString = CAC6ADF42D1F3FBA00431417;
			remoteInfo = "ACFT Calculator";
		};
		CAC6AE102D1F3FBD00431417 /* PBXContainerItemProxy */ = {
			isa = PBXContainerItemProxy;
			containerPortal = CAC6ADED2D1F3FBA00431417 /* Project object */;
			proxyType = 1;
			remoteGlobalIDString = CAC6ADF42D1F3FBA00431417;
			remoteInfo = "ACFT Calculator";
		};
/* End PBXContainerItemProxy section */

/* Begin PBXFileReference section */
		CAC6ADF52D1F3FBA00431417 /* ACFT Calculator.app */ = {isa = PBXFileReference; explicitFileType = wrapper.application; includeInIndex = 0; path = "ACFT Calculator.app"; sourceTree = BUILT_PRODUCTS_DIR; };
		CAC6AE052D1F3FBD00431417 /* ACFT CalculatorTests.xctest */ = {isa = PBXFileReference; explicitFileType = wrapper.cfbundle; includeInIndex = 0; path = "ACFT CalculatorTests.xctest"; sourceTree = BUILT_PRODUCTS_DIR; };
		CAC6AE0F2D1F3FBD00431417 /* ACFT CalculatorUITests.xctest */ = {isa = PBXFileReference; explicitFileType = wrapper.cfbundle; includeInIndex = 0; path = "ACFT CalculatorUITests.xctest"; sourceTree = BUILT_PRODUCTS_DIR; };
/* End PBXFileReference section */

/* Begin PBXFileSystemSynchronizedRootGroup section */
		CAC6ADF72D1F3FBA00431417 /* ACFT Calculator */ = {
			isa = PBXFileSystemSynchronizedRootGroup;
			path = "ACFT Calculator";
			sourceTree = "<group>";
		};
		CAC6AE082D1F3FBD00431417 /* ACFT CalculatorTests */ = {
			isa = PBXFileSystemSynchronizedRootGroup;
			path = "ACFT CalculatorTests";
			sourceTree = "<group>";
		};
		CAC6AE122D1F3FBD00431417 /* ACFT CalculatorUITests */ = {
			isa = PBXFileSystemSynchronizedRootGroup;
			path = "ACFT CalculatorUITests";
			sourceTree = "<group>";
		};
/* End PBXFileSystemSynchronizedRootGroup section */

/* Begin PBXFrameworksBuildPhase section */
		CAC6ADF22D1F3FBA00431417 /* Frameworks */ = {
			isa = PBXFrameworksBuildPhase;
			buildActionMask = 2147483647;
			files = (
			);
			runOnlyForDeploymentPostprocessing = 0;
		};
		CAC6AE022D1F3FBD00431417 /* Frameworks */ = {
			isa = PBXFrameworksBuildPhase;
			buildActionMask = 2147483647;
			files = (
			);
			runOnlyForDeploymentPostprocessing = 0;
		};
		CAC6AE0C2D1F3FBD00431417 /* Frameworks */ = {
			isa = PBXFrameworksBuildPhase;
			buildActionMask = 2147483647;
			files = (
			);
			runOnlyForDeploymentPostprocessing = 0;
		};
/* End PBXFrameworksBuildPhase section */

/* Begin PBXGroup section */
		CAC6ADEC2D1F3FBA00431417 = {
			isa = PBXGroup;
			children = (
				CAC6ADF72D1F3FBA00431417 /* ACFT Calculator */,
				CAC6AE082D1F3FBD00431417 /* ACFT CalculatorTests */,
				CAC6AE122D1F3FBD00431417 /* ACFT CalculatorUITests */,
				CAC6ADF62D1F3FBA00431417 /* Products */,
			);
			sourceTree = "<group>";
		};
		CAC6ADF62D1F3FBA00431417 /* Products */ = {
			isa = PBXGroup;
			children = (
				CAC6ADF52D1F3FBA00431417 /* ACFT Calculator.app */,
				CAC6AE052D1F3FBD00431417 /* ACFT CalculatorTests.xctest */,
				CAC6AE0F2D1F3FBD00431417 /* ACFT CalculatorUITests.xctest */,
			);
			name = Products;
			sourceTree = "<group>";
		};
/* End PBXGroup section */

/* Begin PBXNativeTarget section */
		CAC6ADF42D1F3FBA00431417 /* ACFT Calculator */ = {
			isa = PBXNativeTarget;
			buildConfigurationList = CAC6AE192D1F3FBD00431417 /* Build configuration list for PBXNativeTarget "ACFT Calculator" */;
			buildPhases = (
				CAC6ADF12D1F3FBA00431417 /* Sources */,
				CAC6ADF22D1F3FBA00431417 /* Frameworks */,
				CAC6ADF32D1F3FBA00431417 /* Resources */,
			);
			buildRules = (
			);
			dependencies = (
			);
			fileSystemSynchronizedGroups = (
				CAC6ADF72D1F3FBA00431417 /* ACFT Calculator */,
			);
			name = "ACFT Calculator";
			packageProductDependencies = (
			);
			productName = "ACFT Calculator";
			productReference = CAC6ADF52D1F3FBA00431417 /* ACFT Calculator.app */;
			productType = "com.apple.product-type.application";
		};
		CAC6AE042D1F3FBD00431417 /* ACFT CalculatorTests */ = {
			isa = PBXNativeTarget;
			buildConfigurationList = CAC6AE1C2D1F3FBD00431417 /* Build configuration list for PBXNativeTarget "ACFT CalculatorTests" */;
			buildPhases = (
				CAC6AE012D1F3FBD00431417 /* Sources */,
				CAC6AE022D1F3FBD00431417 /* Frameworks */,
				CAC6AE032D1F3FBD00431417 /* Resources */,
			);
			buildRules = (
			);
			dependencies = (
				CAC6AE072D1F3FBD00431417 /* PBXTargetDependency */,
			);
			fileSystemSynchronizedGroups = (
				CAC6AE082D1F3FBD00431417 /* ACFT CalculatorTests */,
			);
			name = "ACFT CalculatorTests";
			packageProductDependencies = (
			);
			productName = "ACFT CalculatorTests";
			productReference = CAC6AE052D1F3FBD00431417 /* ACFT CalculatorTests.xctest */;
			productType = "com.apple.product-type.bundle.unit-test";
		};
		CAC6AE0E2D1F3FBD00431417 /* ACFT CalculatorUITests */ = {
			isa = PBXNativeTarget;
			buildConfigurationList = CAC6AE1F2D1F3FBD00431417 /* Build configuration list for PBXNativeTarget "ACFT CalculatorUITests" */;
			buildPhases = (
				CAC6AE0B2D1F3FBD00431417 /* Sources */,
				CAC6AE0C2D1F3FBD00431417 /* Frameworks */,
				CAC6AE0D2D1F3FBD00431417 /* Resources */,
			);
			buildRules = (
			);
			dependencies = (
				CAC6AE112D1F3FBD00431417 /* PBXTargetDependency */,
			);
			fileSystemSynchronizedGroups = (
				CAC6AE122D1F3FBD00431417 /* ACFT CalculatorUITests */,
			);
			name = "ACFT CalculatorUITests";
			packageProductDependencies = (
			);
			productName = "ACFT CalculatorUITests";
			productReference = CAC6AE0F2D1F3FBD00431417 /* ACFT CalculatorUITests.xctest */;
			productType = "com.apple.product-type.bundle.ui-testing";
		};
/* End PBXNativeTarget section */

/* Begin PBXProject section */
		CAC6ADED2D1F3FBA00431417 /* Project object */ = {
			isa = PBXProject;
			attributes = {
				BuildIndependentTargetsInParallel = 1;
				LastSwiftUpdateCheck = 1620;
				LastUpgradeCheck = 1620;
				TargetAttributes = {
					CAC6ADF42D1F3FBA00431417 = {
						CreatedOnToolsVersion = 16.2;
					};
					CAC6AE042D1F3FBD00431417 = {
						CreatedOnToolsVersion = 16.2;
						TestTargetID = CAC6ADF42D1F3FBA00431417;
					};
					CAC6AE0E2D1F3FBD00431417 = {
						CreatedOnToolsVersion = 16.2;
						TestTargetID = CAC6ADF42D1F3FBA00431417;
					};
				};
			};
			buildConfigurationList = CAC6ADF02D1F3FBA00431417 /* Build configuration list for PBXProject "ACFT Calculator" */;
			developmentRegion = en;
			hasScannedForEncodings = 0;
			knownRegions = (
				en,
				Base,
			);
			mainGroup = CAC6ADEC2D1F3FBA00431417;
			minimizedProjectReferenceProxies = 1;
			preferredProjectObjectVersion = 77;
			productRefGroup = CAC6ADF62D1F3FBA00431417 /* Products */;
			projectDirPath = "";
			projectRoot = "";
			targets = (
				CAC6ADF42D1F3FBA00431417 /* ACFT Calculator */,
				CAC6AE042D1F3FBD00431417 /* ACFT CalculatorTests */,
				CAC6AE0E2D1F3FBD00431417 /* ACFT CalculatorUITests */,
			);
		};
/* End PBXProject section */

/* Begin PBXResourcesBuildPhase section */
		CAC6ADF32D1F3FBA00431417 /* Resources */ = {
			isa = PBXResourcesBuildPhase;
			buildActionMask = 2147483647;
			files = (
			);
			runOnlyForDeploymentPostprocessing = 0;
		};
		CAC6AE032D1F3FBD00431417 /* Resources */ = {
			isa = PBXResourcesBuildPhase;
			buildActionMask = 2147483647;
			files = (
			);
			runOnlyForDeploymentPostprocessing = 0;
		};
		CAC6AE0D2D1F3FBD00431417 /* Resources */ = {
			isa = PBXResourcesBuildPhase;
			buildActionMask = 2147483647;
			files = (
			);
			runOnlyForDeploymentPostprocessing = 0;
		};
/* End PBXResourcesBuildPhase section */

/* Begin PBXSourcesBuildPhase section */
		CAC6ADF12D1F3FBA00431417 /* Sources */ = {
			isa = PBXSourcesBuildPhase;
			buildActionMask = 2147483647;
			files = (
			);
			runOnlyForDeploymentPostprocessing = 0;
		};
		CAC6AE012D1F3FBD00431417 /* Sources */ = {
			isa = PBXSourcesBuildPhase;
			buildActionMask = 2147483647;
			files = (
			);
			runOnlyForDeploymentPostprocessing = 0;
		};
		CAC6AE0B2D1F3FBD00431417 /* Sources */ = {
			isa = PBXSourcesBuildPhase;
			buildActionMask = 2147483647;
			files = (
			);
			runOnlyForDeploymentPostprocessing = 0;
		};
/* End PBXSourcesBuildPhase section */

/* Begin PBXTargetDependency section */
		CAC6AE072D1F3FBD00431417 /* PBXTargetDependency */ = {
			isa = PBXTargetDependency;
			target = CAC6ADF42D1F3FBA00431417 /* ACFT Calculator */;
			targetProxy = CAC6AE062D1F3FBD00431417 /* PBXContainerItemProxy */;
		};
		CAC6AE112D1F3FBD00431417 /* PBXTargetDependency */ = {
			isa = PBXTargetDependency;
			target = CAC6ADF42D1F3FBA00431417 /* ACFT Calculator */;
			targetProxy = CAC6AE102D1F3FBD00431417 /* PBXContainerItemProxy */;
		};
/* End PBXTargetDependency section */

/* Begin XCBuildConfiguration section */
		CAC6AE172D1F3FBD00431417 /* Debug */ = {
			isa = XCBuildConfiguration;
			buildSettings = {
				ALWAYS_SEARCH_USER_PATHS = NO;
				ASSETCATALOG_COMPILER_GENERATE_SWIFT_ASSET_SYMBOL_EXTENSIONS = YES;
				CLANG_ANALYZER_NONNULL = YES;
				CLANG_ANALYZER_NUMBER_OBJECT_CONVERSION = YES_AGGRESSIVE;
				CLANG_CXX_LANGUAGE_STANDARD = "gnu++20";
				CLANG_ENABLE_MODULES = YES;
				CLANG_ENABLE_OBJC_ARC = YES;
				CLANG_ENABLE_OBJC_WEAK = YES;
				CLANG_WARN_BLOCK_CAPTURE_AUTORELEASING = YES;
				CLANG_WARN_BOOL_CONVERSION = YES;
				CLANG_WARN_COMMA = YES;
				CLANG_WARN_CONSTANT_CONVERSION = YES;
				CLANG_WARN_DEPRECATED_OBJC_IMPLEMENTATIONS = YES;
				CLANG_WARN_DIRECT_OBJC_ISA_USAGE = YES_ERROR;
				CLANG_WARN_DOCUMENTATION_COMMENTS = YES;
				CLANG_WARN_EMPTY_BODY = YES;
				CLANG_WARN_ENUM_CONVERSION = YES;
				CLANG_WARN_INFINITE_RECURSION = YES;
				CLANG_WARN_INT_CONVERSION = YES;
				CLANG_WARN_NON_LITERAL_NULL_CONVERSION = YES;
				CLANG_WARN_OBJC_IMPLICIT_RETAIN_SELF = YES;
				CLANG_WARN_OBJC_LITERAL_CONVERSION = YES;
				CLANG_WARN_OBJC_ROOT_CLASS = YES_ERROR;
				CLANG_WARN_QUOTED_INCLUDE_IN_FRAMEWORK_HEADER = YES;
				CLANG_WARN_RANGE_LOOP_ANALYSIS = YES;
				CLANG_WARN_STRICT_PROTOTYPES = YES;
				CLANG_WARN_SUSPICIOUS_MOVE = YES;
				CLANG_WARN_UNGUARDED_AVAILABILITY = YES_AGGRESSIVE;
				CLANG_WARN_UNREACHABLE_CODE = YES;
				CLANG_WARN__DUPLICATE_METHOD_MATCH = YES;
				COPY_PHASE_STRIP = NO;
				DEBUG_INFORMATION_FORMAT = dwarf;
				ENABLE_STRICT_OBJC_MSGSEND = YES;
				ENABLE_TESTABILITY = YES;
				ENABLE_USER_SCRIPT_SANDBOXING = YES;
				GCC_C_LANGUAGE_STANDARD = gnu17;
				GCC_DYNAMIC_NO_PIC = NO;
				GCC_NO_COMMON_BLOCKS = YES;
				GCC_OPTIMIZATION_LEVEL = 0;
				GCC_PREPROCESSOR_DEFINITIONS = (
					"DEBUG=1",
					"$(inherited)",
				);
				GCC_WARN_64_TO_32_BIT_CONVERSION = YES;
				GCC_WARN_ABOUT_RETURN_TYPE = YES_ERROR;
				GCC_WARN_UNDECLARED_SELECTOR = YES;
				GCC_WARN_UNINITIALIZED_AUTOS = YES_AGGRESSIVE;
				GCC_WARN_UNUSED_FUNCTION = YES;
				GCC_WARN_UNUSED_VARIABLE = YES;
				IPHONEOS_DEPLOYMENT_TARGET = 18.2;
				LOCALIZATION_PREFERS_STRING_CATALOGS = YES;
				MTL_ENABLE_DEBUG_INFO = INCLUDE_SOURCE;
				MTL_FAST_MATH = YES;
				ONLY_ACTIVE_ARCH = YES;
				SDKROOT = iphoneos;
				SWIFT_ACTIVE_COMPILATION_CONDITIONS = "DEBUG $(inherited)";
				SWIFT_OPTIMIZATION_LEVEL = "-Onone";
			};
			name = Debug;
		};
		CAC6AE182D1F3FBD00431417 /* Release */ = {
			isa = XCBuildConfiguration;
			buildSettings = {
				ALWAYS_SEARCH_USER_PATHS = NO;
				ASSETCATALOG_COMPILER_GENERATE_SWIFT_ASSET_SYMBOL_EXTENSIONS = YES;
				CLANG_ANALYZER_NONNULL = YES;
				CLANG_ANALYZER_NUMBER_OBJECT_CONVERSION = YES_AGGRESSIVE;
				CLANG_CXX_LANGUAGE_STANDARD = "gnu++20";
				CLANG_ENABLE_MODULES = YES;
				CLANG_ENABLE_OBJC_ARC = YES;
				CLANG_ENABLE_OBJC_WEAK = YES;
				CLANG_WARN_BLOCK_CAPTURE_AUTORELEASING = YES;
				CLANG_WARN_BOOL_CONVERSION = YES;
				CLANG_WARN_COMMA = YES;
				CLANG_WARN_CONSTANT_CONVERSION = YES;
				CLANG_WARN_DEPRECATED_OBJC_IMPLEMENTATIONS = YES;
				CLANG_WARN_DIRECT_OBJC_ISA_USAGE = YES_ERROR;
				CLANG_WARN_DOCUMENTATION_COMMENTS = YES;
				CLANG_WARN_EMPTY_BODY = YES;
				CLANG_WARN_ENUM_CONVERSION = YES;
				CLANG_WARN_INFINITE_RECURSION = YES;
				CLANG_WARN_INT_CONVERSION = YES;
				CLANG_WARN_NON_LITERAL_NULL_CONVERSION = YES;
				CLANG_WARN_OBJC_IMPLICIT_RETAIN_SELF = YES;
				CLANG_WARN_OBJC_LITERAL_CONVERSION = YES;
				CLANG_WARN_OBJC_ROOT_CLASS = YES_ERROR;
				CLANG_WARN_QUOTED_INCLUDE_IN_FRAMEWORK_HEADER = YES;
				CLANG_WARN_RANGE_LOOP_ANALYSIS = YES;
				CLANG_WARN_STRICT_PROTOTYPES = YES;
				CLANG_WARN_SUSPICIOUS_MOVE = YES;
				CLANG_WARN_UNGUARDED_AVAILABILITY = YES_AGGRESSIVE;
				CLANG_WARN_UNREACHABLE_CODE = YES;
				CLANG_WARN__DUPLICATE_METHOD_MATCH = YES;
				COPY_PHASE_STRIP = NO;
				DEBUG_INFORMATION_FORMAT = "dwarf-with-dsym";
				ENABLE_NS_ASSERTIONS = NO;
				ENABLE_STRICT_OBJC_MSGSEND = YES;
				ENABLE_USER_SCRIPT_SANDBOXING = YES;
				GCC_C_LANGUAGE_STANDARD = gnu17;
				GCC_NO_COMMON_BLOCKS = YES;
				GCC_WARN_64_TO_32_BIT_CONVERSION = YES;
				GCC_WARN_ABOUT_RETURN_TYPE = YES_ERROR;
				GCC_WARN_UNDECLARED_SELECTOR = YES;
				GCC_WARN_UNINITIALIZED_AUTOS = YES_AGGRESSIVE;
				GCC_WARN_UNUSED_FUNCTION = YES;
				GCC_WARN_UNUSED_VARIABLE = YES;
				IPHONEOS_DEPLOYMENT_TARGET = 18.2;
				LOCALIZATION_PREFERS_STRING_CATALOGS = YES;
				MTL_ENABLE_DEBUG_INFO = NO;
				MTL_FAST_MATH = YES;
				SDKROOT = iphoneos;
				SWIFT_COMPILATION_MODE = wholemodule;
				VALIDATE_PRODUCT = YES;
			};
			name = Release;
		};
		CAC6AE1A2D1F3FBD00431417 /* Debug */ = {
			isa = XCBuildConfiguration;
			buildSettings = {
				ASSETCATALOG_COMPILER_APPICON_NAME = AppIcon;
				ASSETCATALOG_COMPILER_GLOBAL_ACCENT_COLOR_NAME = AccentColor;
				CODE_SIGN_STYLE = Automatic;
				CURRENT_PROJECT_VERSION = 1;
				DEVELOPMENT_ASSET_PATHS = "\"ACFT Calculator/Preview Content\"";
				ENABLE_PREVIEWS = YES;
				GENERATE_INFOPLIST_FILE = YES;
				INFOPLIST_KEY_UIApplicationSceneManifest_Generation = YES;
				INFOPLIST_KEY_UIApplicationSupportsIndirectInputEvents = YES;
				INFOPLIST_KEY_UILaunchScreen_Generation = YES;
				INFOPLIST_KEY_UISupportedInterfaceOrientations_iPad = "UIInterfaceOrientationPortrait UIInterfaceOrientationPortraitUpsideDown UIInterfaceOrientationLandscapeLeft UIInterfaceOrientationLandscapeRight";
				INFOPLIST_KEY_UISupportedInterfaceOrientations_iPhone = "UIInterfaceOrientationPortrait UIInterfaceOrientationLandscapeLeft UIInterfaceOrientationLandscapeRight";
				LD_RUNPATH_SEARCH_PATHS = (
					"$(inherited)",
					"@executable_path/Frameworks",
				);
				MARKETING_VERSION = 1.0;
				PRODUCT_BUNDLE_IDENTIFIER = "RichardVargas.ACFT-Calculator";
				PRODUCT_NAME = "$(TARGET_NAME)";
				SWIFT_EMIT_LOC_STRINGS = YES;
				SWIFT_VERSION = 5.0;
				TARGETED_DEVICE_FAMILY = "1,2";
			};
			name = Debug;
		};
		CAC6AE1B2D1F3FBD00431417 /* Release */ = {
			isa = XCBuildConfiguration;
			buildSettings = {
				ASSETCATALOG_COMPILER_APPICON_NAME = AppIcon;
				ASSETCATALOG_COMPILER_GLOBAL_ACCENT_COLOR_NAME = AccentColor;
				CODE_SIGN_STYLE = Automatic;
				CURRENT_PROJECT_VERSION = 1;
				DEVELOPMENT_ASSET_PATHS = "\"ACFT Calculator/Preview Content\"";
				ENABLE_PREVIEWS = YES;
				GENERATE_INFOPLIST_FILE = YES;
				INFOPLIST_KEY_UIApplicationSceneManifest_Generation = YES;
				INFOPLIST_KEY_UIApplicationSupportsIndirectInputEvents = YES;
				INFOPLIST_KEY_UILaunchScreen_Generation = YES;
				INFOPLIST_KEY_UISupportedInterfaceOrientations_iPad = "UIInterfaceOrientationPortrait UIInterfaceOrientationPortraitUpsideDown UIInterfaceOrientationLandscapeLeft UIInterfaceOrientationLandscapeRight";
				INFOPLIST_KEY_UISupportedInterfaceOrientations_iPhone = "UIInterfaceOrientationPortrait UIInterfaceOrientationLandscapeLeft UIInterfaceOrientationLandscapeRight";
				LD_RUNPATH_SEARCH_PATHS = (
					"$(inherited)",
					"@executable_path/Frameworks",
				);
				MARKETING_VERSION = 1.0;
				PRODUCT_BUNDLE_IDENTIFIER = "RichardVargas.ACFT-Calculator";
				PRODUCT_NAME = "$(TARGET_NAME)";
				SWIFT_EMIT_LOC_STRINGS = YES;
				SWIFT_VERSION = 5.0;
				TARGETED_DEVICE_FAMILY = "1,2";
			};
			name = Release;
		};
		CAC6AE1D2D1F3FBD00431417 /* Debug */ = {
			isa = XCBuildConfiguration;
			buildSettings = {
				BUNDLE_LOADER = "$(TEST_HOST)";
				CODE_SIGN_STYLE = Automatic;
				CURRENT_PROJECT_VERSION = 1;
				GENERATE_INFOPLIST_FILE = YES;
				IPHONEOS_DEPLOYMENT_TARGET = 18.2;
				MARKETING_VERSION = 1.0;
				PRODUCT_BUNDLE_IDENTIFIER = "RichardVargas.ACFT-CalculatorTests";
				PRODUCT_NAME = "$(TARGET_NAME)";
				SWIFT_EMIT_LOC_STRINGS = NO;
				SWIFT_VERSION = 5.0;
				TARGETED_DEVICE_FAMILY = "1,2";
				TEST_HOST = "$(BUILT_PRODUCTS_DIR)/ACFT Calculator.app/$(BUNDLE_EXECUTABLE_FOLDER_PATH)/ACFT Calculator";
			};
			name = Debug;
		};
		CAC6AE1E2D1F3FBD00431417 /* Release */ = {
			isa = XCBuildConfiguration;
			buildSettings = {
				BUNDLE_LOADER = "$(TEST_HOST)";
				CODE_SIGN_STYLE = Automatic;
				CURRENT_PROJECT_VERSION = 1;
				GENERATE_INFOPLIST_FILE = YES;
				IPHONEOS_DEPLOYMENT_TARGET = 18.2;
				MARKETING_VERSION = 1.0;
				PRODUCT_BUNDLE_IDENTIFIER = "RichardVargas.ACFT-CalculatorTests";
				PRODUCT_NAME = "$(TARGET_NAME)";
				SWIFT_EMIT_LOC_STRINGS = NO;
				SWIFT_VERSION = 5.0;
				TARGETED_DEVICE_FAMILY = "1,2";
				TEST_HOST = "$(BUILT_PRODUCTS_DIR)/ACFT Calculator.app/$(BUNDLE_EXECUTABLE_FOLDER_PATH)/ACFT Calculator";
			};
			name = Release;
		};
		CAC6AE202D1F3FBD00431417 /* Debug */ = {
			isa = XCBuildConfiguration;
			buildSettings = {
				CODE_SIGN_STYLE = Automatic;
				CURRENT_PROJECT_VERSION = 1;
				GENERATE_INFOPLIST_FILE = YES;
				MARKETING_VERSION = 1.0;
				PRODUCT_BUNDLE_IDENTIFIER = "RichardVargas.ACFT-CalculatorUITests";
				PRODUCT_NAME = "$(TARGET_NAME)";
				SWIFT_EMIT_LOC_STRINGS = NO;
				SWIFT_VERSION = 5.0;
				TARGETED_DEVICE_FAMILY = "1,2";
				TEST_TARGET_NAME = "ACFT Calculator";
			};
			name = Debug;
		};
		CAC6AE212D1F3FBD00431417 /* Release */ = {
			isa = XCBuildConfiguration;
			buildSettings = {
				CODE_SIGN_STYLE = Automatic;
				CURRENT_PROJECT_VERSION = 1;
				GENERATE_INFOPLIST_FILE = YES;
				MARKETING_VERSION = 1.0;
				PRODUCT_BUNDLE_IDENTIFIER = "RichardVargas.ACFT-CalculatorUITests";
				PRODUCT_NAME = "$(TARGET_NAME)";
				SWIFT_EMIT_LOC_STRINGS = NO;
				SWIFT_VERSION = 5.0;
				TARGETED_DEVICE_FAMILY = "1,2";
				TEST_TARGET_NAME = "ACFT Calculator";
			};
			name = Release;
		};
/* End XCBuildConfiguration section */

/* Begin XCConfigurationList section */
		CAC6ADF02D1F3FBA00431417 /* Build configuration list for PBXProject "ACFT Calculator" */ = {
			isa = XCConfigurationList;
			buildConfigurations = (
				CAC6AE172D1F3FBD00431417 /* Debug */,
				CAC6AE182D1F3FBD00431417 /* Release */,
			);
			defaultConfigurationIsVisible = 0;
			defaultConfigurationName = Release;
		};
		CAC6AE192D1F3FBD00431417 /* Build configuration list for PBXNativeTarget "ACFT Calculator" */ = {
			isa = XCConfigurationList;
			buildConfigurations = (
				CAC6AE1A2D1F3FBD00431417 /* Debug */,
				CAC6AE1B2D1F3FBD00431417 /* Release */,
			);
			defaultConfigurationIsVisible = 0;
			defaultConfigurationName = Release;
		};
		CAC6AE1C2D1F3FBD00431417 /* Build configuration list for PBXNativeTarget "ACFT CalculatorTests" */ = {
			isa = XCConfigurationList;
			buildConfigurations = (
				CAC6AE1D2D1F3FBD00431417 /* Debug */,
				CAC6AE1E2D1F3FBD00431417 /* Release */,
			);
			defaultConfigurationIsVisible = 0;
			defaultConfigurationName = Release;
		};
		CAC6AE1F2D1F3FBD00431417 /* Build configuration list for PBXNativeTarget "ACFT CalculatorUITests" */ = {
			isa = XCConfigurationList;
			buildConfigurations = (
				CAC6AE202D1F3FBD00431417 /* Debug */,
				CAC6AE212D1F3FBD00431417 /* Release */,
			);
			defaultConfigurationIsVisible = 0;
			defaultConfigurationName = Release;
		};
/* End XCConfigurationList section */
	};
	rootObject = CAC6ADED2D1F3FBA00431417 /* Project object */;
}
